// !$*UTF8*$!
{
	archiveVersion = 1;
	classes = {
	};
	objectVersion = 56;
	objects = {

/* Begin PBXBuildFile section */
		1893D2B02A960EA9007916FD /* AppDelegate.swift in Sources */ = {isa = PBXBuildFile; fileRef = 1893D2AF2A960EA9007916FD /* AppDelegate.swift */; };
		1893D2B22A960EA9007916FD /* SceneDelegate.swift in Sources */ = {isa = PBXBuildFile; fileRef = 1893D2B12A960EA9007916FD /* SceneDelegate.swift */; };
		1893D2B42A960EA9007916FD /* ArticlesViewController.swift in Sources */ = {isa = PBXBuildFile; fileRef = 1893D2B32A960EA9007916FD /* ArticlesViewController.swift */; };
		1893D2B72A960EA9007916FD /* Main.storyboard in Resources */ = {isa = PBXBuildFile; fileRef = 1893D2B52A960EA9007916FD /* Main.storyboard */; };
		1893D2B92A960EAB007916FD /* Assets.xcassets in Resources */ = {isa = PBXBuildFile; fileRef = 1893D2B82A960EAB007916FD /* Assets.xcassets */; };
		1893D2C62A961434007916FD /* Alamofire in Frameworks */ = {isa = PBXBuildFile; productRef = 1893D2C52A961434007916FD /* Alamofire */; };
		1893D2C92A961519007916FD /* SwiftFormat in Frameworks */ = {isa = PBXBuildFile; productRef = 1893D2C82A961519007916FD /* SwiftFormat */; };
		1893D2CE2A999E34007916FD /* User.swift in Sources */ = {isa = PBXBuildFile; fileRef = 1893D2CD2A999E34007916FD /* User.swift */; };
		1893D2D02A99A662007916FD /* Article.swift in Sources */ = {isa = PBXBuildFile; fileRef = 1893D2CF2A99A662007916FD /* Article.swift */; };
		1893D2D52A99B14D007916FD /* ArticleViewCell.swift in Sources */ = {isa = PBXBuildFile; fileRef = 1893D2D32A99B14D007916FD /* ArticleViewCell.swift */; };
		1893D2D62A99B14D007916FD /* ArticleViewCell.xib in Resources */ = {isa = PBXBuildFile; fileRef = 1893D2D42A99B14D007916FD /* ArticleViewCell.xib */; };
		1893D2D92A9B2E18007916FD /* NetworkManager.swift in Sources */ = {isa = PBXBuildFile; fileRef = 1893D2D82A9B2E18007916FD /* NetworkManager.swift */; };
		1893D2DB2A9B3BA3007916FD /* Secrets.plist in Resources */ = {isa = PBXBuildFile; fileRef = 1893D2DA2A9B3BA3007916FD /* Secrets.plist */; };
		C7F9568E2AAC328D006E61E4 /* WebViewController.swift in Sources */ = {isa = PBXBuildFile; fileRef = C7F9568D2AAC328D006E61E4 /* WebViewController.swift */; };
		C7F956902AAC32E7006E61E4 /* WebViewController.storyboard in Resources */ = {isa = PBXBuildFile; fileRef = C7F9568F2AAC32E7006E61E4 /* WebViewController.storyboard */; };
		C7F956932AAC4169006E61E4 /* UIStoryboard+Extension.swift in Sources */ = {isa = PBXBuildFile; fileRef = C7F956922AAC4169006E61E4 /* UIStoryboard+Extension.swift */; };
/* End PBXBuildFile section */

/* Begin PBXFileReference section */
		1893D2AC2A960EA9007916FD /* QiitaReaderSampleiOS.app */ = {isa = PBXFileReference; explicitFileType = wrapper.application; includeInIndex = 0; path = QiitaReaderSampleiOS.app; sourceTree = BUILT_PRODUCTS_DIR; };
		1893D2AF2A960EA9007916FD /* AppDelegate.swift */ = {isa = PBXFileReference; lastKnownFileType = sourcecode.swift; path = AppDelegate.swift; sourceTree = "<group>"; };
		1893D2B12A960EA9007916FD /* SceneDelegate.swift */ = {isa = PBXFileReference; lastKnownFileType = sourcecode.swift; path = SceneDelegate.swift; sourceTree = "<group>"; };
		1893D2B32A960EA9007916FD /* ArticlesViewController.swift */ = {isa = PBXFileReference; lastKnownFileType = sourcecode.swift; path = ArticlesViewController.swift; sourceTree = "<group>"; };
		1893D2B62A960EA9007916FD /* Base */ = {isa = PBXFileReference; lastKnownFileType = file.storyboard; name = Base; path = Base.lproj/Main.storyboard; sourceTree = "<group>"; };
		1893D2B82A960EAB007916FD /* Assets.xcassets */ = {isa = PBXFileReference; lastKnownFileType = folder.assetcatalog; path = Assets.xcassets; sourceTree = "<group>"; };
		1893D2BD2A960EAB007916FD /* Info.plist */ = {isa = PBXFileReference; lastKnownFileType = text.plist.xml; path = Info.plist; sourceTree = "<group>"; };
		1893D2CD2A999E34007916FD /* User.swift */ = {isa = PBXFileReference; lastKnownFileType = sourcecode.swift; path = User.swift; sourceTree = "<group>"; };
		1893D2CF2A99A662007916FD /* Article.swift */ = {isa = PBXFileReference; lastKnownFileType = sourcecode.swift; path = Article.swift; sourceTree = "<group>"; };
		1893D2D32A99B14D007916FD /* ArticleViewCell.swift */ = {isa = PBXFileReference; lastKnownFileType = sourcecode.swift; path = ArticleViewCell.swift; sourceTree = "<group>"; };
		1893D2D42A99B14D007916FD /* ArticleViewCell.xib */ = {isa = PBXFileReference; lastKnownFileType = file.xib; path = ArticleViewCell.xib; sourceTree = "<group>"; };
		1893D2D82A9B2E18007916FD /* NetworkManager.swift */ = {isa = PBXFileReference; lastKnownFileType = sourcecode.swift; path = NetworkManager.swift; sourceTree = "<group>"; };
		1893D2DA2A9B3BA3007916FD /* Secrets.plist */ = {isa = PBXFileReference; lastKnownFileType = text.plist.xml; path = Secrets.plist; sourceTree = "<group>"; };
		C7F9568D2AAC328D006E61E4 /* WebViewController.swift */ = {isa = PBXFileReference; lastKnownFileType = sourcecode.swift; path = WebViewController.swift; sourceTree = "<group>"; };
		C7F9568F2AAC32E7006E61E4 /* WebViewController.storyboard */ = {isa = PBXFileReference; lastKnownFileType = file.storyboard; path = WebViewController.storyboard; sourceTree = "<group>"; };
		C7F956922AAC4169006E61E4 /* UIStoryboard+Extension.swift */ = {isa = PBXFileReference; lastKnownFileType = sourcecode.swift; path = "UIStoryboard+Extension.swift"; sourceTree = "<group>"; };
/* End PBXFileReference section */

/* Begin PBXFrameworksBuildPhase section */
		1893D2A92A960EA9007916FD /* Frameworks */ = {
			isa = PBXFrameworksBuildPhase;
			buildActionMask = 2147483647;
			files = (
				1893D2C62A961434007916FD /* Alamofire in Frameworks */,
				1893D2C92A961519007916FD /* SwiftFormat in Frameworks */,
			);
			runOnlyForDeploymentPostprocessing = 0;
		};
/* End PBXFrameworksBuildPhase section */

/* Begin PBXGroup section */
		1893D2A32A960EA9007916FD = {
			isa = PBXGroup;
			children = (
				1893D2AE2A960EA9007916FD /* QiitaReaderSampleiOS */,
				1893D2AD2A960EA9007916FD /* Products */,
			);
			sourceTree = "<group>";
		};
		1893D2AD2A960EA9007916FD /* Products */ = {
			isa = PBXGroup;
			children = (
				1893D2AC2A960EA9007916FD /* QiitaReaderSampleiOS.app */,
			);
			name = Products;
			sourceTree = "<group>";
		};
		1893D2AE2A960EA9007916FD /* QiitaReaderSampleiOS */ = {
			isa = PBXGroup;
			children = (
				1893D2D72A9B2DF8007916FD /* Services */,
				1893D2D22A99AFC7007916FD /* ViewController */,
				1893D2D12A99AF85007916FD /* View */,
				1893D2CC2A999E21007916FD /* Model */,
				C7F956912AAC4006006E61E4 /* Extension */,
				1893D2AF2A960EA9007916FD /* AppDelegate.swift */,
				1893D2B12A960EA9007916FD /* SceneDelegate.swift */,
				1893D2B82A960EAB007916FD /* Assets.xcassets */,
				1893D2DA2A9B3BA3007916FD /* Secrets.plist */,
				1893D2BD2A960EAB007916FD /* Info.plist */,
			);
			path = QiitaReaderSampleiOS;
			sourceTree = "<group>";
		};
		1893D2CC2A999E21007916FD /* Model */ = {
			isa = PBXGroup;
			children = (
				1893D2CD2A999E34007916FD /* User.swift */,
				1893D2CF2A99A662007916FD /* Article.swift */,
			);
			path = Model;
			sourceTree = "<group>";
		};
		1893D2D12A99AF85007916FD /* View */ = {
			isa = PBXGroup;
			children = (
				1893D2D32A99B14D007916FD /* ArticleViewCell.swift */,
				1893D2D42A99B14D007916FD /* ArticleViewCell.xib */,
				1893D2B52A960EA9007916FD /* Main.storyboard */,
			);
			path = View;
			sourceTree = "<group>";
		};
		1893D2D22A99AFC7007916FD /* ViewController */ = {
			isa = PBXGroup;
			children = (
				1893D2B32A960EA9007916FD /* ArticlesViewController.swift */,
				C7F9568D2AAC328D006E61E4 /* WebViewController.swift */,
				C7F9568F2AAC32E7006E61E4 /* WebViewController.storyboard */,
			);
			path = ViewController;
			sourceTree = "<group>";
		};
		1893D2D72A9B2DF8007916FD /* Services */ = {
			isa = PBXGroup;
			children = (
				1893D2D82A9B2E18007916FD /* NetworkManager.swift */,
			);
			path = Services;
			sourceTree = "<group>";
		};
		C7F956912AAC4006006E61E4 /* Extension */ = {
			isa = PBXGroup;
			children = (
				C7F956922AAC4169006E61E4 /* UIStoryboard+Extension.swift */,
			);
			path = Extension;
			sourceTree = "<group>";
		};
/* End PBXGroup section */

/* Begin PBXNativeTarget section */
		1893D2AB2A960EA9007916FD /* QiitaReaderSampleiOS */ = {
			isa = PBXNativeTarget;
			buildConfigurationList = 1893D2C02A960EAB007916FD /* Build configuration list for PBXNativeTarget "QiitaReaderSampleiOS" */;
			buildPhases = (
				1893D2A82A960EA9007916FD /* Sources */,
				1893D2A92A960EA9007916FD /* Frameworks */,
				1893D2AA2A960EA9007916FD /* Resources */,
				1893D2C32A960F98007916FD /* SwiftLint */,
			);
			buildRules = (
			);
			dependencies = (
			);
			name = QiitaReaderSampleiOS;
			packageProductDependencies = (
				1893D2C52A961434007916FD /* Alamofire */,
				1893D2C82A961519007916FD /* SwiftFormat */,
			);
			productName = QiitaReaderSampleiOS;
			productReference = 1893D2AC2A960EA9007916FD /* QiitaReaderSampleiOS.app */;
			productType = "com.apple.product-type.application";
		};
/* End PBXNativeTarget section */

/* Begin PBXProject section */
		1893D2A42A960EA9007916FD /* Project object */ = {
			isa = PBXProject;
			attributes = {
				BuildIndependentTargetsInParallel = 1;
				LastSwiftUpdateCheck = 1430;
				LastUpgradeCheck = 1430;
				TargetAttributes = {
					1893D2AB2A960EA9007916FD = {
						CreatedOnToolsVersion = 14.3.1;
					};
				};
			};
			buildConfigurationList = 1893D2A72A960EA9007916FD /* Build configuration list for PBXProject "QiitaReaderSampleiOS" */;
			compatibilityVersion = "Xcode 14.0";
			developmentRegion = en;
			hasScannedForEncodings = 0;
			knownRegions = (
				en,
				Base,
			);
			mainGroup = 1893D2A32A960EA9007916FD;
			packageReferences = (
				1893D2C42A961434007916FD /* XCRemoteSwiftPackageReference "Alamofire" */,
				1893D2C72A961519007916FD /* XCRemoteSwiftPackageReference "SwiftFormat" */,
			);
			productRefGroup = 1893D2AD2A960EA9007916FD /* Products */;
			projectDirPath = "";
			projectRoot = "";
			targets = (
				1893D2AB2A960EA9007916FD /* QiitaReaderSampleiOS */,
			);
		};
/* End PBXProject section */

/* Begin PBXResourcesBuildPhase section */
		1893D2AA2A960EA9007916FD /* Resources */ = {
			isa = PBXResourcesBuildPhase;
			buildActionMask = 2147483647;
			files = (
				1893D2DB2A9B3BA3007916FD /* Secrets.plist in Resources */,
				1893D2B92A960EAB007916FD /* Assets.xcassets in Resources */,
				1893D2B72A960EA9007916FD /* Main.storyboard in Resources */,
				1893D2D62A99B14D007916FD /* ArticleViewCell.xib in Resources */,
				C7F956902AAC32E7006E61E4 /* WebViewController.storyboard in Resources */,
			);
			runOnlyForDeploymentPostprocessing = 0;
		};
/* End PBXResourcesBuildPhase section */

/* Begin PBXShellScriptBuildPhase section */
		1893D2C32A960F98007916FD /* SwiftLint */ = {
			isa = PBXShellScriptBuildPhase;
			alwaysOutOfDate = 1;
			buildActionMask = 2147483647;
			files = (
			);
			inputFileListPaths = (
			);
			inputPaths = (
			);
			name = SwiftLint;
			outputFileListPaths = (
			);
			outputPaths = (
			);
			runOnlyForDeploymentPostprocessing = 0;
			shellPath = /bin/sh;
			shellScript = "if [[ \"$(uname -m)\" == arm64 ]]; then\n    export PATH=\"/opt/homebrew/bin:$PATH\"\nfi\n\nif which swiftlint > /dev/null; then\n  swiftlint\nelse\n  echo \"warning: SwiftLint not installed, download from https://github.com/realm/SwiftLint\"\nfi\n";
		};
/* End PBXShellScriptBuildPhase section */

/* Begin PBXSourcesBuildPhase section */
		1893D2A82A960EA9007916FD /* Sources */ = {
			isa = PBXSourcesBuildPhase;
			buildActionMask = 2147483647;
			files = (
				1893D2CE2A999E34007916FD /* User.swift in Sources */,
				1893D2D52A99B14D007916FD /* ArticleViewCell.swift in Sources */,
				1893D2B42A960EA9007916FD /* ArticlesViewController.swift in Sources */,
				1893D2D92A9B2E18007916FD /* NetworkManager.swift in Sources */,
				1893D2B02A960EA9007916FD /* AppDelegate.swift in Sources */,
				1893D2B22A960EA9007916FD /* SceneDelegate.swift in Sources */,
				1893D2D02A99A662007916FD /* Article.swift in Sources */,
				C7F9568E2AAC328D006E61E4 /* WebViewController.swift in Sources */,
				C7F956932AAC4169006E61E4 /* UIStoryboard+Extension.swift in Sources */,
			);
			runOnlyForDeploymentPostprocessing = 0;
		};
/* End PBXSourcesBuildPhase section */

/* Begin PBXVariantGroup section */
		1893D2B52A960EA9007916FD /* Main.storyboard */ = {
			isa = PBXVariantGroup;
			children = (
				1893D2B62A960EA9007916FD /* Base */,
			);
			name = Main.storyboard;
			sourceTree = "<group>";
		};
/* End PBXVariantGroup section */

/* Begin XCBuildConfiguration section */
		1893D2BE2A960EAB007916FD /* Debug */ = {
			isa = XCBuildConfiguration;
			buildSettings = {
				ALWAYS_SEARCH_USER_PATHS = NO;
				CLANG_ANALYZER_NONNULL = YES;
				CLANG_ANALYZER_NUMBER_OBJECT_CONVERSION = YES_AGGRESSIVE;
				CLANG_CXX_LANGUAGE_STANDARD = "gnu++20";
				CLANG_ENABLE_MODULES = YES;
				CLANG_ENABLE_OBJC_ARC = YES;
				CLANG_ENABLE_OBJC_WEAK = YES;
				CLANG_WARN_BLOCK_CAPTURE_AUTORELEASING = YES;
				CLANG_WARN_BOOL_CONVERSION = YES;
				CLANG_WARN_COMMA = YES;
				CLANG_WARN_CONSTANT_CONVERSION = YES;
				CLANG_WARN_DEPRECATED_OBJC_IMPLEMENTATIONS = YES;
				CLANG_WARN_DIRECT_OBJC_ISA_USAGE = YES_ERROR;
				CLANG_WARN_DOCUMENTATION_COMMENTS = YES;
				CLANG_WARN_EMPTY_BODY = YES;
				CLANG_WARN_ENUM_CONVERSION = YES;
				CLANG_WARN_INFINITE_RECURSION = YES;
				CLANG_WARN_INT_CONVERSION = YES;
				CLANG_WARN_NON_LITERAL_NULL_CONVERSION = YES;
				CLANG_WARN_OBJC_IMPLICIT_RETAIN_SELF = YES;
				CLANG_WARN_OBJC_LITERAL_CONVERSION = YES;
				CLANG_WARN_OBJC_ROOT_CLASS = YES_ERROR;
				CLANG_WARN_QUOTED_INCLUDE_IN_FRAMEWORK_HEADER = YES;
				CLANG_WARN_RANGE_LOOP_ANALYSIS = YES;
				CLANG_WARN_STRICT_PROTOTYPES = YES;
				CLANG_WARN_SUSPICIOUS_MOVE = YES;
				CLANG_WARN_UNGUARDED_AVAILABILITY = YES_AGGRESSIVE;
				CLANG_WARN_UNREACHABLE_CODE = YES;
				CLANG_WARN__DUPLICATE_METHOD_MATCH = YES;
				COPY_PHASE_STRIP = NO;
				DEBUG_INFORMATION_FORMAT = dwarf;
				ENABLE_STRICT_OBJC_MSGSEND = YES;
				ENABLE_TESTABILITY = YES;
				GCC_C_LANGUAGE_STANDARD = gnu11;
				GCC_DYNAMIC_NO_PIC = NO;
				GCC_NO_COMMON_BLOCKS = YES;
				GCC_OPTIMIZATION_LEVEL = 0;
				GCC_PREPROCESSOR_DEFINITIONS = (
					"DEBUG=1",
					"$(inherited)",
				);
				GCC_WARN_64_TO_32_BIT_CONVERSION = YES;
				GCC_WARN_ABOUT_RETURN_TYPE = YES_ERROR;
				GCC_WARN_UNDECLARED_SELECTOR = YES;
				GCC_WARN_UNINITIALIZED_AUTOS = YES_AGGRESSIVE;
				GCC_WARN_UNUSED_FUNCTION = YES;
				GCC_WARN_UNUSED_VARIABLE = YES;
				IPHONEOS_DEPLOYMENT_TARGET = 14.0;
				MTL_ENABLE_DEBUG_INFO = INCLUDE_SOURCE;
				MTL_FAST_MATH = YES;
				ONLY_ACTIVE_ARCH = YES;
				SDKROOT = iphoneos;
				SWIFT_ACTIVE_COMPILATION_CONDITIONS = DEBUG;
				SWIFT_OPTIMIZATION_LEVEL = "-Onone";
			};
			name = Debug;
		};
		1893D2BF2A960EAB007916FD /* Release */ = {
			isa = XCBuildConfiguration;
			buildSettings = {
				ALWAYS_SEARCH_USER_PATHS = NO;
				CLANG_ANALYZER_NONNULL = YES;
				CLANG_ANALYZER_NUMBER_OBJECT_CONVERSION = YES_AGGRESSIVE;
				CLANG_CXX_LANGUAGE_STANDARD = "gnu++20";
				CLANG_ENABLE_MODULES = YES;
				CLANG_ENABLE_OBJC_ARC = YES;
				CLANG_ENABLE_OBJC_WEAK = YES;
				CLANG_WARN_BLOCK_CAPTURE_AUTORELEASING = YES;
				CLANG_WARN_BOOL_CONVERSION = YES;
				CLANG_WARN_COMMA = YES;
				CLANG_WARN_CONSTANT_CONVERSION = YES;
				CLANG_WARN_DEPRECATED_OBJC_IMPLEMENTATIONS = YES;
				CLANG_WARN_DIRECT_OBJC_ISA_USAGE = YES_ERROR;
				CLANG_WARN_DOCUMENTATION_COMMENTS = YES;
				CLANG_WARN_EMPTY_BODY = YES;
				CLANG_WARN_ENUM_CONVERSION = YES;
				CLANG_WARN_INFINITE_RECURSION = YES;
				CLANG_WARN_INT_CONVERSION = YES;
				CLANG_WARN_NON_LITERAL_NULL_CONVERSION = YES;
				CLANG_WARN_OBJC_IMPLICIT_RETAIN_SELF = YES;
				CLANG_WARN_OBJC_LITERAL_CONVERSION = YES;
				CLANG_WARN_OBJC_ROOT_CLASS = YES_ERROR;
				CLANG_WARN_QUOTED_INCLUDE_IN_FRAMEWORK_HEADER = YES;
				CLANG_WARN_RANGE_LOOP_ANALYSIS = YES;
				CLANG_WARN_STRICT_PROTOTYPES = YES;
				CLANG_WARN_SUSPICIOUS_MOVE = YES;
				CLANG_WARN_UNGUARDED_AVAILABILITY = YES_AGGRESSIVE;
				CLANG_WARN_UNREACHABLE_CODE = YES;
				CLANG_WARN__DUPLICATE_METHOD_MATCH = YES;
				COPY_PHASE_STRIP = NO;
				DEBUG_INFORMATION_FORMAT = "dwarf-with-dsym";
				ENABLE_NS_ASSERTIONS = NO;
				ENABLE_STRICT_OBJC_MSGSEND = YES;
				GCC_C_LANGUAGE_STANDARD = gnu11;
				GCC_NO_COMMON_BLOCKS = YES;
				GCC_WARN_64_TO_32_BIT_CONVERSION = YES;
				GCC_WARN_ABOUT_RETURN_TYPE = YES_ERROR;
				GCC_WARN_UNDECLARED_SELECTOR = YES;
				GCC_WARN_UNINITIALIZED_AUTOS = YES_AGGRESSIVE;
				GCC_WARN_UNUSED_FUNCTION = YES;
				GCC_WARN_UNUSED_VARIABLE = YES;
				IPHONEOS_DEPLOYMENT_TARGET = 14.0;
				MTL_ENABLE_DEBUG_INFO = NO;
				MTL_FAST_MATH = YES;
				SDKROOT = iphoneos;
				SWIFT_COMPILATION_MODE = wholemodule;
				SWIFT_OPTIMIZATION_LEVEL = "-O";
				VALIDATE_PRODUCT = YES;
			};
			name = Release;
		};
		1893D2C12A960EAB007916FD /* Debug */ = {
			isa = XCBuildConfiguration;
			buildSettings = {
				ASSETCATALOG_COMPILER_APPICON_NAME = AppIcon;
				ASSETCATALOG_COMPILER_GLOBAL_ACCENT_COLOR_NAME = AccentColor;
				CODE_SIGN_STYLE = Automatic;
				CURRENT_PROJECT_VERSION = 1;
				DEVELOPMENT_TEAM = 8BG588F6G9;
				GENERATE_INFOPLIST_FILE = YES;
				INFOPLIST_FILE = QiitaReaderSampleiOS/Info.plist;
				INFOPLIST_KEY_UIApplicationSupportsIndirectInputEvents = YES;
				INFOPLIST_KEY_UILaunchStoryboardName = LaunchScreen;
				INFOPLIST_KEY_UIMainStoryboardFile = Main;
				INFOPLIST_KEY_UISupportedInterfaceOrientations = UIInterfaceOrientationPortrait;
				INFOPLIST_KEY_UISupportedInterfaceOrientations_iPad = "UIInterfaceOrientationLandscapeLeft UIInterfaceOrientationLandscapeRight UIInterfaceOrientationPortrait UIInterfaceOrientationPortraitUpsideDown";
				LD_RUNPATH_SEARCH_PATHS = (
					"$(inherited)",
					"@executable_path/Frameworks",
				);
				MARKETING_VERSION = 1.0;
				PRODUCT_BUNDLE_IDENTIFIER = igarashi.QiitaReaderSampleiOS;
				PRODUCT_NAME = "$(TARGET_NAME)";
				SUPPORTED_PLATFORMS = "iphoneos iphonesimulator";
				SUPPORTS_MACCATALYST = NO;
				SUPPORTS_MAC_DESIGNED_FOR_IPHONE_IPAD = NO;
				SWIFT_EMIT_LOC_STRINGS = YES;
				SWIFT_VERSION = 5.0;
				TARGETED_DEVICE_FAMILY = 1;
			};
			name = Debug;
		};
		1893D2C22A960EAB007916FD /* Release */ = {
			isa = XCBuildConfiguration;
			buildSettings = {
				ASSETCATALOG_COMPILER_APPICON_NAME = AppIcon;
				ASSETCATALOG_COMPILER_GLOBAL_ACCENT_COLOR_NAME = AccentColor;
				CODE_SIGN_STYLE = Automatic;
				CURRENT_PROJECT_VERSION = 1;
				DEVELOPMENT_TEAM = 8BG588F6G9;
				GENERATE_INFOPLIST_FILE = YES;
				INFOPLIST_FILE = QiitaReaderSampleiOS/Info.plist;
				INFOPLIST_KEY_UIApplicationSupportsIndirectInputEvents = YES;
				INFOPLIST_KEY_UILaunchStoryboardName = LaunchScreen;
				INFOPLIST_KEY_UIMainStoryboardFile = Main;
				INFOPLIST_KEY_UISupportedInterfaceOrientations = UIInterfaceOrientationPortrait;
				INFOPLIST_KEY_UISupportedInterfaceOrientations_iPad = "UIInterfaceOrientationLandscapeLeft UIInterfaceOrientationLandscapeRight UIInterfaceOrientationPortrait UIInterfaceOrientationPortraitUpsideDown";
				LD_RUNPATH_SEARCH_PATHS = (
					"$(inherited)",
					"@executable_path/Frameworks",
				);
				MARKETING_VERSION = 1.0;
				PRODUCT_BUNDLE_IDENTIFIER = igarashi.QiitaReaderSampleiOS;
				PRODUCT_NAME = "$(TARGET_NAME)";
				SUPPORTED_PLATFORMS = "iphoneos iphonesimulator";
				SUPPORTS_MACCATALYST = NO;
				SUPPORTS_MAC_DESIGNED_FOR_IPHONE_IPAD = NO;
				SWIFT_EMIT_LOC_STRINGS = YES;
				SWIFT_VERSION = 5.0;
				TARGETED_DEVICE_FAMILY = 1;
			};
			name = Release;
		};
/* End XCBuildConfiguration section */

/* Begin XCConfigurationList section */
		1893D2A72A960EA9007916FD /* Build configuration list for PBXProject "QiitaReaderSampleiOS" */ = {
			isa = XCConfigurationList;
			buildConfigurations = (
				1893D2BE2A960EAB007916FD /* Debug */,
				1893D2BF2A960EAB007916FD /* Release */,
			);
			defaultConfigurationIsVisible = 0;
			defaultConfigurationName = Release;
		};
		1893D2C02A960EAB007916FD /* Build configuration list for PBXNativeTarget "QiitaReaderSampleiOS" */ = {
			isa = XCConfigurationList;
			buildConfigurations = (
				1893D2C12A960EAB007916FD /* Debug */,
				1893D2C22A960EAB007916FD /* Release */,
			);
			defaultConfigurationIsVisible = 0;
			defaultConfigurationName = Release;
		};
/* End XCConfigurationList section */

/* Begin XCRemoteSwiftPackageReference section */
		1893D2C42A961434007916FD /* XCRemoteSwiftPackageReference "Alamofire" */ = {
			isa = XCRemoteSwiftPackageReference;
			repositoryURL = "https://github.com/Alamofire/Alamofire";
			requirement = {
				kind = upToNextMajorVersion;
				minimumVersion = 5.0.0;
			};
		};
		1893D2C72A961519007916FD /* XCRemoteSwiftPackageReference "SwiftFormat" */ = {
			isa = XCRemoteSwiftPackageReference;
			repositoryURL = "git@github.com:nicklockwood/SwiftFormat.git";
			requirement = {
				kind = upToNextMajorVersion;
				minimumVersion = 0.52.2;
			};
		};
/* End XCRemoteSwiftPackageReference section */

/* Begin XCSwiftPackageProductDependency section */
		1893D2C52A961434007916FD /* Alamofire */ = {
			isa = XCSwiftPackageProductDependency;
			package = 1893D2C42A961434007916FD /* XCRemoteSwiftPackageReference "Alamofire" */;
			productName = Alamofire;
		};
		1893D2C82A961519007916FD /* SwiftFormat */ = {
			isa = XCSwiftPackageProductDependency;
			package = 1893D2C72A961519007916FD /* XCRemoteSwiftPackageReference "SwiftFormat" */;
			productName = SwiftFormat;
		};
/* End XCSwiftPackageProductDependency section */
	};
	rootObject = 1893D2A42A960EA9007916FD /* Project object */;
}
